
Microsoft Visual Studio Solution File, Format Version 12.00
# Visual Studio Version 17
VisualStudioVersion = 17.0.31903.59
MinimumVisualStudioVersion = 10.0.40219.1
Project("{FAE04EC0-301F-11D3-BF4B-00C04F79EFBC}") = "SqliteADODemo", "SqliteADODemo\SqliteADODemo.csproj", "{C7B3AB80-DD85-41E0-A818-BB3FF1B8E05C}"
EndProject
Project("{FAE04EC0-301F-11D3-BF4B-00C04F79EFBC}") = "SqliteDapperDemo", "SqliteDapperDemo\SqliteDapperDemo.csproj", "{16DA2FE6-5D8A-4259-AA8E-33A6B37CE7CD}"
EndProject
Project("{FAE04EC0-301F-11D3-BF4B-00C04F79EFBC}") = "SqliteSugarDemo", "SqliteSugarDemo\SqliteSugarDemo.csproj", "{82450E16-5753-430C-AF41-31045B178982}"
EndProject
Project("{FAE04EC0-301F-11D3-BF4B-00C04F79EFBC}") = "SqliteEFCoreDemo", "SqliteEFCoreDemo\SqliteEFCoreDemo.csproj", "{27CEAE36-C8B0-4459-B757-914D289AE192}"
EndProject
Project("{FAE04EC0-301F-11D3-BF4B-00C04F79EFBC}") = "SqliteBenchmark", "SqliteBenchmark\SqliteBenchmark.csproj", "{5237D695-59A0-4B96-A55A-2CE338E4D1D4}"
EndProject
Global
	GlobalSection(SolutionConfigurationPlatforms) = preSolution
		Debug|Any CPU = Debug|Any CPU
		Release|Any CPU = Release|Any CPU
	EndGlobalSection
	GlobalSection(ProjectConfigurationPlatforms) = postSolution
		{C7B3AB80-DD85-41E0-A818-BB3FF1B8E05C}.Debug|Any CPU.ActiveCfg = Debug|Any CPU
		{C7B3AB80-DD85-41E0-A818-BB3FF1B8E05C}.Debug|Any CPU.Build.0 = Debug|Any CPU
		{C7B3AB80-DD85-41E0-A818-BB3FF1B8E05C}.Release|Any CPU.ActiveCfg = Release|Any CPU
		{C7B3AB80-DD85-41E0-A818-BB3FF1B8E05C}.Release|Any CPU.Build.0 = Release|Any CPU
		{16DA2FE6-5D8A-4259-AA8E-33A6B37CE7CD}.Debug|Any CPU.ActiveCfg = Debug|Any CPU
		{16DA2FE6-5D8A-4259-AA8E-33A6B37CE7CD}.Debug|Any CPU.Build.0 = Debug|Any CPU
		{16DA2FE6-5D8A-4259-AA8E-33A6B37CE7CD}.Release|Any CPU.ActiveCfg = Release|Any CPU
		{16DA2FE6-5D8A-4259-AA8E-33A6B37CE7CD}.Release|Any CPU.Build.0 = Release|Any CPU
		{82450E16-5753-430C-AF41-31045B178982}.Debug|Any CPU.ActiveCfg = Debug|Any CPU
		{82450E16-5753-430C-AF41-31045B178982}.Debug|Any CPU.Build.0 = Debug|Any CPU
		{82450E16-5753-430C-AF41-31045B178982}.Release|Any CPU.ActiveCfg = Release|Any CPU
		{82450E16-5753-430C-AF41-31045B178982}.Release|Any CPU.Build.0 = Release|Any CPU
		{27CEAE36-C8B0-4459-B757-914D289AE192}.Debug|Any CPU.ActiveCfg = Debug|Any CPU
		{27CEAE36-C8B0-4459-B757-914D289AE192}.Debug|Any CPU.Build.0 = Debug|Any CPU
		{27CEAE36-C8B0-4459-B757-914D289AE192}.Release|Any CPU.ActiveCfg = Release|Any CPU
		{27CEAE36-C8B0-4459-B757-914D289AE192}.Release|Any CPU.Build.0 = Release|Any CPU
		{5237D695-59A0-4B96-A55A-2CE338E4D1D4}.Debug|Any CPU.ActiveCfg = Debug|Any CPU
		{5237D695-59A0-4B96-A55A-2CE338E4D1D4}.Debug|Any CPU.Build.0 = Debug|Any CPU
		{5237D695-59A0-4B96-A55A-2CE338E4D1D4}.Release|Any CPU.ActiveCfg = Release|Any CPU
		{5237D695-59A0-4B96-A55A-2CE338E4D1D4}.Release|Any CPU.Build.0 = Release|Any CPU
	EndGlobalSection
	GlobalSection(SolutionProperties) = preSolution
		HideSolutionNode = FALSE
	EndGlobalSection
EndGlobal
